// !$*UTF8*$!
{
	archiveVersion = 1;
	classes = {
	};
	objectVersion = 77;
	objects = {

/* Begin PBXBuildFile section */
		008703EC2EF1938300ED1DC5 /* Kingfisher in Frameworks */ = {isa = PBXBuildFile; productRef = 008703EB2EF1938300ED1DC5 /* Kingfisher */; };
/* End PBXBuildFile section */

/* Begin PBXContainerItemProxy section */
		0067E3722EEC5CEA00E77453 /* PBXContainerItemProxy */ = {
			isa = PBXContainerItemProxy;
			containerPortal = 0067E3532EEC5CE700E77453 /* Project object */;
			proxyType = 1;
			remoteGlobalIDString = 0067E35A2EEC5CE700E77453;
			remoteInfo = NewsAppUIKit;
		};
		0067E37C2EEC5CEA00E77453 /* PBXContainerItemProxy */ = {
			isa = PBXContainerItemProxy;
			containerPortal = 0067E3532EEC5CE700E77453 /* Project object */;
			proxyType = 1;
			remoteGlobalIDString = 0067E35A2EEC5CE700E77453;
			remoteInfo = NewsAppUIKit;
		};
/* End PBXContainerItemProxy section */

/* Begin PBXFileReference section */
		0067E35B2EEC5CE700E77453 /* NewsAppUIKit.app */ = {isa = PBXFileReference; explicitFileType = wrapper.application; includeInIndex = 0; path = NewsAppUIKit.app; sourceTree = BUILT_PRODUCTS_DIR; };
		0067E3712EEC5CEA00E77453 /* NewsAppUIKitTests.xctest */ = {isa = PBXFileReference; explicitFileType = wrapper.cfbundle; includeInIndex = 0; path = NewsAppUIKitTests.xctest; sourceTree = BUILT_PRODUCTS_DIR; };
		0067E37B2EEC5CEA00E77453 /* NewsAppUIKitUITests.xctest */ = {isa = PBXFileReference; explicitFileType = wrapper.cfbundle; includeInIndex = 0; path = NewsAppUIKitUITests.xctest; sourceTree = BUILT_PRODUCTS_DIR; };
/* End PBXFileReference section */

/* Begin PBXFileSystemSynchronizedBuildFileExceptionSet section */
		0067E3832EEC5CEA00E77453 /* Exceptions for "NewsAppUIKit" folder in "NewsAppUIKit" target */ = {
			isa = PBXFileSystemSynchronizedBuildFileExceptionSet;
			membershipExceptions = (
				Info.plist,
			);
			target = 0067E35A2EEC5CE700E77453 /* NewsAppUIKit */;
		};
/* End PBXFileSystemSynchronizedBuildFileExceptionSet section */

/* Begin PBXFileSystemSynchronizedRootGroup section */
		0067E35D2EEC5CE700E77453 /* NewsAppUIKit */ = {
			isa = PBXFileSystemSynchronizedRootGroup;
			exceptions = (
				0067E3832EEC5CEA00E77453 /* Exceptions for "NewsAppUIKit" folder in "NewsAppUIKit" target */,
			);
			path = NewsAppUIKit;
			sourceTree = "<group>";
		};
		0067E3742EEC5CEA00E77453 /* NewsAppUIKitTests */ = {
			isa = PBXFileSystemSynchronizedRootGroup;
			path = NewsAppUIKitTests;
			sourceTree = "<group>";
		};
		0067E37E2EEC5CEA00E77453 /* NewsAppUIKitUITests */ = {
			isa = PBXFileSystemSynchronizedRootGroup;
			path = NewsAppUIKitUITests;
			sourceTree = "<group>";
		};
/* End PBXFileSystemSynchronizedRootGroup section */

/* Begin PBXFrameworksBuildPhase section */
		0067E3582EEC5CE700E77453 /* Frameworks */ = {
			isa = PBXFrameworksBuildPhase;
			buildActionMask = 2147483647;
			files = (
				008703EC2EF1938300ED1DC5 /* Kingfisher in Frameworks */,
			);
			runOnlyForDeploymentPostprocessing = 0;
		};
		0067E36E2EEC5CEA00E77453 /* Frameworks */ = {
			isa = PBXFrameworksBuildPhase;
			buildActionMask = 2147483647;
			files = (
			);
			runOnlyForDeploymentPostprocessing = 0;
		};
		0067E3782EEC5CEA00E77453 /* Frameworks */ = {
			isa = PBXFrameworksBuildPhase;
			buildActionMask = 2147483647;
			files = (
			);
			runOnlyForDeploymentPostprocessing = 0;
		};
/* End PBXFrameworksBuildPhase section */

/* Begin PBXGroup section */
		0067E3522EEC5CE700E77453 = {
			isa = PBXGroup;
			children = (
				0067E35D2EEC5CE700E77453 /* NewsAppUIKit */,
				0067E3742EEC5CEA00E77453 /* NewsAppUIKitTests */,
				0067E37E2EEC5CEA00E77453 /* NewsAppUIKitUITests */,
				0067E35C2EEC5CE700E77453 /* Products */,
			);
			sourceTree = "<group>";
		};
		0067E35C2EEC5CE700E77453 /* Products */ = {
			isa = PBXGroup;
			children = (
				0067E35B2EEC5CE700E77453 /* NewsAppUIKit.app */,
				0067E3712EEC5CEA00E77453 /* NewsAppUIKitTests.xctest */,
				0067E37B2EEC5CEA00E77453 /* NewsAppUIKitUITests.xctest */,
			);
			name = Products;
			sourceTree = "<group>";
		};
/* End PBXGroup section */

/* Begin PBXNativeTarget section */
		0067E35A2EEC5CE700E77453 /* NewsAppUIKit */ = {
			isa = PBXNativeTarget;
			buildConfigurationList = 0067E3842EEC5CEA00E77453 /* Build configuration list for PBXNativeTarget "NewsAppUIKit" */;
			buildPhases = (
				0067E3572EEC5CE700E77453 /* Sources */,
				0067E3582EEC5CE700E77453 /* Frameworks */,
				0067E3592EEC5CE700E77453 /* Resources */,
			);
			buildRules = (
			);
			dependencies = (
			);
			fileSystemSynchronizedGroups = (
				0067E35D2EEC5CE700E77453 /* NewsAppUIKit */,
			);
			name = NewsAppUIKit;
			packageProductDependencies = (
				008703EB2EF1938300ED1DC5 /* Kingfisher */,
			);
			productName = NewsAppUIKit;
			productReference = 0067E35B2EEC5CE700E77453 /* NewsAppUIKit.app */;
			productType = "com.apple.product-type.application";
		};
		0067E3702EEC5CEA00E77453 /* NewsAppUIKitTests */ = {
			isa = PBXNativeTarget;
			buildConfigurationList = 0067E3892EEC5CEA00E77453 /* Build configuration list for PBXNativeTarget "NewsAppUIKitTests" */;
			buildPhases = (
				0067E36D2EEC5CEA00E77453 /* Sources */,
				0067E36E2EEC5CEA00E77453 /* Frameworks */,
				0067E36F2EEC5CEA00E77453 /* Resources */,
			);
			buildRules = (
			);
			dependencies = (
				0067E3732EEC5CEA00E77453 /* PBXTargetDependency */,
			);
			fileSystemSynchronizedGroups = (
				0067E3742EEC5CEA00E77453 /* NewsAppUIKitTests */,
			);
			name = NewsAppUIKitTests;
			packageProductDependencies = (
			);
			productName = NewsAppUIKitTests;
			productReference = 0067E3712EEC5CEA00E77453 /* NewsAppUIKitTests.xctest */;
			productType = "com.apple.product-type.bundle.unit-test";
		};
		0067E37A2EEC5CEA00E77453 /* NewsAppUIKitUITests */ = {
			isa = PBXNativeTarget;
			buildConfigurationList = 0067E38C2EEC5CEA00E77453 /* Build configuration list for PBXNativeTarget "NewsAppUIKitUITests" */;
			buildPhases = (
				0067E3772EEC5CEA00E77453 /* Sources */,
				0067E3782EEC5CEA00E77453 /* Frameworks */,
				0067E3792EEC5CEA00E77453 /* Resources */,
			);
			buildRules = (
			);
			dependencies = (
				0067E37D2EEC5CEA00E77453 /* PBXTargetDependency */,
			);
			fileSystemSynchronizedGroups = (
				0067E37E2EEC5CEA00E77453 /* NewsAppUIKitUITests */,
			);
			name = NewsAppUIKitUITests;
			packageProductDependencies = (
			);
			productName = NewsAppUIKitUITests;
			productReference = 0067E37B2EEC5CEA00E77453 /* NewsAppUIKitUITests.xctest */;
			productType = "com.apple.product-type.bundle.ui-testing";
		};
/* End PBXNativeTarget section */

/* Begin PBXProject section */
		0067E3532EEC5CE700E77453 /* Project object */ = {
			isa = PBXProject;
			attributes = {
				BuildIndependentTargetsInParallel = 1;
				LastSwiftUpdateCheck = 1640;
				LastUpgradeCheck = 1640;
				TargetAttributes = {
					0067E35A2EEC5CE700E77453 = {
						CreatedOnToolsVersion = 16.4;
					};
					0067E3702EEC5CEA00E77453 = {
						CreatedOnToolsVersion = 16.4;
						TestTargetID = 0067E35A2EEC5CE700E77453;
					};
					0067E37A2EEC5CEA00E77453 = {
						CreatedOnToolsVersion = 16.4;
						TestTargetID = 0067E35A2EEC5CE700E77453;
					};
				};
			};
			buildConfigurationList = 0067E3562EEC5CE700E77453 /* Build configuration list for PBXProject "NewsAppUIKit" */;
			developmentRegion = en;
			hasScannedForEncodings = 0;
			knownRegions = (
				en,
				Base,
			);
			mainGroup = 0067E3522EEC5CE700E77453;
			minimizedProjectReferenceProxies = 1;
			packageReferences = (
				008703EA2EF1938300ED1DC5 /* XCRemoteSwiftPackageReference "Kingfisher" */,
			);
			preferredProjectObjectVersion = 77;
			productRefGroup = 0067E35C2EEC5CE700E77453 /* Products */;
			projectDirPath = "";
			projectRoot = "";
			targets = (
				0067E35A2EEC5CE700E77453 /* NewsAppUIKit */,
				0067E3702EEC5CEA00E77453 /* NewsAppUIKitTests */,
				0067E37A2EEC5CEA00E77453 /* NewsAppUIKitUITests */,
			);
		};
/* End PBXProject section */

/* Begin PBXResourcesBuildPhase section */
		0067E3592EEC5CE700E77453 /* Resources */ = {
			isa = PBXResourcesBuildPhase;
			buildActionMask = 2147483647;
			files = (
			);
			runOnlyForDeploymentPostprocessing = 0;
		};
		0067E36F2EEC5CEA00E77453 /* Resources */ = {
			isa = PBXResourcesBuildPhase;
			buildActionMask = 2147483647;
			files = (
			);
			runOnlyForDeploymentPostprocessing = 0;
		};
		0067E3792EEC5CEA00E77453 /* Resources */ = {
			isa = PBXResourcesBuildPhase;
			buildActionMask = 2147483647;
			files = (
			);
			runOnlyForDeploymentPostprocessing = 0;
		};
/* End PBXResourcesBuildPhase section */

/* Begin PBXSourcesBuildPhase section */
		0067E3572EEC5CE700E77453 /* Sources */ = {
			isa = PBXSourcesBuildPhase;
			buildActionMask = 2147483647;
			files = (
			);
			runOnlyForDeploymentPostprocessing = 0;
		};
		0067E36D2EEC5CEA00E77453 /* Sources */ = {
			isa = PBXSourcesBuildPhase;
			buildActionMask = 2147483647;
			files = (
			);
			runOnlyForDeploymentPostprocessing = 0;
		};
		0067E3772EEC5CEA00E77453 /* Sources */ = {
			isa = PBXSourcesBuildPhase;
			buildActionMask = 2147483647;
			files = (
			);
			runOnlyForDeploymentPostprocessing = 0;
		};
/* End PBXSourcesBuildPhase section */

/* Begin PBXTargetDependency section */
		0067E3732EEC5CEA00E77453 /* PBXTargetDependency */ = {
			isa = PBXTargetDependency;
			target = 0067E35A2EEC5CE700E77453 /* NewsAppUIKit */;
			targetProxy = 0067E3722EEC5CEA00E77453 /* PBXContainerItemProxy */;
		};
		0067E37D2EEC5CEA00E77453 /* PBXTargetDependency */ = {
			isa = PBXTargetDependency;
			target = 0067E35A2EEC5CE700E77453 /* NewsAppUIKit */;
			targetProxy = 0067E37C2EEC5CEA00E77453 /* PBXContainerItemProxy */;
		};
/* End PBXTargetDependency section */

/* Begin XCBuildConfiguration section */
		0067E3852EEC5CEA00E77453 /* Debug */ = {
			isa = XCBuildConfiguration;
			buildSettings = {
				ASSETCATALOG_COMPILER_APPICON_NAME = AppIcon;
				ASSETCATALOG_COMPILER_GLOBAL_ACCENT_COLOR_NAME = AccentColor;
				CODE_SIGN_STYLE = Automatic;
				CURRENT_PROJECT_VERSION = 1;
				DEVELOPMENT_TEAM = Q6K727HY3Y;
				GENERATE_INFOPLIST_FILE = YES;
				INFOPLIST_FILE = NewsAppUIKit/Info.plist;
				INFOPLIST_KEY_UIApplicationSupportsIndirectInputEvents = YES;
				INFOPLIST_KEY_UILaunchStoryboardName = LaunchScreen;
				INFOPLIST_KEY_UIMainStoryboardFile = Main;
				INFOPLIST_KEY_UISupportedInterfaceOrientations_iPad = "UIInterfaceOrientationPortrait UIInterfaceOrientationPortraitUpsideDown UIInterfaceOrientationLandscapeLeft UIInterfaceOrientationLandscapeRight";
				INFOPLIST_KEY_UISupportedInterfaceOrientations_iPhone = "UIInterfaceOrientationPortrait UIInterfaceOrientationLandscapeLeft UIInterfaceOrientationLandscapeRight";
				LD_RUNPATH_SEARCH_PATHS = (
					"$(inherited)",
					"@executable_path/Frameworks",
				);
				MARKETING_VERSION = 1.0;
				PRODUCT_BUNDLE_IDENTIFIER = com.farukdereci.NewsAppUIKit;
				PRODUCT_NAME = "$(TARGET_NAME)";
				SWIFT_EMIT_LOC_STRINGS = YES;
				SWIFT_VERSION = 5.0;
				TARGETED_DEVICE_FAMILY = "1,2";
			};
			name = Debug;
		};
		0067E3862EEC5CEA00E77453 /* Release */ = {
			isa = XCBuildConfiguration;
			buildSettings = {
				ASSETCATALOG_COMPILER_APPICON_NAME = AppIcon;
				ASSETCATALOG_COMPILER_GLOBAL_ACCENT_COLOR_NAME = AccentColor;
				CODE_SIGN_STYLE = Automatic;
				CURRENT_PROJECT_VERSION = 1;
				DEVELOPMENT_TEAM = Q6K727HY3Y;
				GENERATE_INFOPLIST_FILE = YES;
				INFOPLIST_FILE = NewsAppUIKit/Info.plist;
				INFOPLIST_KEY_UIApplicationSupportsIndirectInputEvents = YES;
				INFOPLIST_KEY_UILaunchStoryboardName = LaunchScreen;
				INFOPLIST_KEY_UIMainStoryboardFile = Main;
				INFOPLIST_KEY_UISupportedInterfaceOrientations_iPad = "UIInterfaceOrientationPortrait UIInterfaceOrientationPortraitUpsideDown UIInterfaceOrientationLandscapeLeft UIInterfaceOrientationLandscapeRight";
				INFOPLIST_KEY_UISupportedInterfaceOrientations_iPhone = "UIInterfaceOrientationPortrait UIInterfaceOrientationLandscapeLeft UIInterfaceOrientationLandscapeRight";
				LD_RUNPATH_SEARCH_PATHS = (
					"$(inherited)",
					"@executable_path/Frameworks",
				);
				MARKETING_VERSION = 1.0;
				PRODUCT_BUNDLE_IDENTIFIER = com.farukdereci.NewsAppUIKit;
				PRODUCT_NAME = "$(TARGET_NAME)";
				SWIFT_EMIT_LOC_STRINGS = YES;
				SWIFT_VERSION = 5.0;
				TARGETED_DEVICE_FAMILY = "1,2";
			};
			name = Release;
		};
		0067E3872EEC5CEA00E77453 /* Debug */ = {
			isa = XCBuildConfiguration;
			buildSettings = {
				ALWAYS_SEARCH_USER_PATHS = NO;
				ASSETCATALOG_COMPILER_GENERATE_SWIFT_ASSET_SYMBOL_EXTENSIONS = YES;
				CLANG_ANALYZER_NONNULL = YES;
				CLANG_ANALYZER_NUMBER_OBJECT_CONVERSION = YES_AGGRESSIVE;
				CLANG_CXX_LANGUAGE_STANDARD = "gnu++20";
				CLANG_ENABLE_MODULES = YES;
				CLANG_ENABLE_OBJC_ARC = YES;
				CLANG_ENABLE_OBJC_WEAK = YES;
				CLANG_WARN_BLOCK_CAPTURE_AUTORELEASING = YES;
				CLANG_WARN_BOOL_CONVERSION = YES;
				CLANG_WARN_COMMA = YES;
				CLANG_WARN_CONSTANT_CONVERSION = YES;
				CLANG_WARN_DEPRECATED_OBJC_IMPLEMENTATIONS = YES;
				CLANG_WARN_DIRECT_OBJC_ISA_USAGE = YES_ERROR;
				CLANG_WARN_DOCUMENTATION_COMMENTS = YES;
				CLANG_WARN_EMPTY_BODY = YES;
				CLANG_WARN_ENUM_CONVERSION = YES;
				CLANG_WARN_INFINITE_RECURSION = YES;
				CLANG_WARN_INT_CONVERSION = YES;
				CLANG_WARN_NON_LITERAL_NULL_CONVERSION = YES;
				CLANG_WARN_OBJC_IMPLICIT_RETAIN_SELF = YES;
				CLANG_WARN_OBJC_LITERAL_CONVERSION = YES;
				CLANG_WARN_OBJC_ROOT_CLASS = YES_ERROR;
				CLANG_WARN_QUOTED_INCLUDE_IN_FRAMEWORK_HEADER = YES;
				CLANG_WARN_RANGE_LOOP_ANALYSIS = YES;
				CLANG_WARN_STRICT_PROTOTYPES = YES;
				CLANG_WARN_SUSPICIOUS_MOVE = YES;
				CLANG_WARN_UNGUARDED_AVAILABILITY = YES_AGGRESSIVE;
				CLANG_WARN_UNREACHABLE_CODE = YES;
				CLANG_WARN__DUPLICATE_METHOD_MATCH = YES;
				COPY_PHASE_STRIP = NO;
				DEBUG_INFORMATION_FORMAT = dwarf;
				DEVELOPMENT_TEAM = Q6K727HY3Y;
				ENABLE_STRICT_OBJC_MSGSEND = YES;
				ENABLE_TESTABILITY = YES;
				ENABLE_USER_SCRIPT_SANDBOXING = YES;
				GCC_C_LANGUAGE_STANDARD = gnu17;
				GCC_DYNAMIC_NO_PIC = NO;
				GCC_NO_COMMON_BLOCKS = YES;
				GCC_OPTIMIZATION_LEVEL = 0;
				GCC_PREPROCESSOR_DEFINITIONS = (
					"DEBUG=1",
					"$(inherited)",
				);
				GCC_WARN_64_TO_32_BIT_CONVERSION = YES;
				GCC_WARN_ABOUT_RETURN_TYPE = YES_ERROR;
				GCC_WARN_UNDECLARED_SELECTOR = YES;
				GCC_WARN_UNINITIALIZED_AUTOS = YES_AGGRESSIVE;
				GCC_WARN_UNUSED_FUNCTION = YES;
				GCC_WARN_UNUSED_VARIABLE = YES;
				IPHONEOS_DEPLOYMENT_TARGET = 18.5;
				LOCALIZATION_PREFERS_STRING_CATALOGS = YES;
				MTL_ENABLE_DEBUG_INFO = INCLUDE_SOURCE;
				MTL_FAST_MATH = YES;
				ONLY_ACTIVE_ARCH = YES;
				SDKROOT = iphoneos;
				SWIFT_ACTIVE_COMPILATION_CONDITIONS = "DEBUG $(inherited)";
				SWIFT_OPTIMIZATION_LEVEL = "-Onone";
			};
			name = Debug;
		};
		0067E3882EEC5CEA00E77453 /* Release */ = {
			isa = XCBuildConfiguration;
			buildSettings = {
				ALWAYS_SEARCH_USER_PATHS = NO;
				ASSETCATALOG_COMPILER_GENERATE_SWIFT_ASSET_SYMBOL_EXTENSIONS = YES;
				CLANG_ANALYZER_NONNULL = YES;
				CLANG_ANALYZER_NUMBER_OBJECT_CONVERSION = YES_AGGRESSIVE;
				CLANG_CXX_LANGUAGE_STANDARD = "gnu++20";
				CLANG_ENABLE_MODULES = YES;
				CLANG_ENABLE_OBJC_ARC = YES;
				CLANG_ENABLE_OBJC_WEAK = YES;
				CLANG_WARN_BLOCK_CAPTURE_AUTORELEASING = YES;
				CLANG_WARN_BOOL_CONVERSION = YES;
				CLANG_WARN_COMMA = YES;
				CLANG_WARN_CONSTANT_CONVERSION = YES;
				CLANG_WARN_DEPRECATED_OBJC_IMPLEMENTATIONS = YES;
				CLANG_WARN_DIRECT_OBJC_ISA_USAGE = YES_ERROR;
				CLANG_WARN_DOCUMENTATION_COMMENTS = YES;
				CLANG_WARN_EMPTY_BODY = YES;
				CLANG_WARN_ENUM_CONVERSION = YES;
				CLANG_WARN_INFINITE_RECURSION = YES;
				CLANG_WARN_INT_CONVERSION = YES;
				CLANG_WARN_NON_LITERAL_NULL_CONVERSION = YES;
				CLANG_WARN_OBJC_IMPLICIT_RETAIN_SELF = YES;
				CLANG_WARN_OBJC_LITERAL_CONVERSION = YES;
				CLANG_WARN_OBJC_ROOT_CLASS = YES_ERROR;
				CLANG_WARN_QUOTED_INCLUDE_IN_FRAMEWORK_HEADER = YES;
				CLANG_WARN_RANGE_LOOP_ANALYSIS = YES;
				CLANG_WARN_STRICT_PROTOTYPES = YES;
				CLANG_WARN_SUSPICIOUS_MOVE = YES;
				CLANG_WARN_UNGUARDED_AVAILABILITY = YES_AGGRESSIVE;
				CLANG_WARN_UNREACHABLE_CODE = YES;
				CLANG_WARN__DUPLICATE_METHOD_MATCH = YES;
				COPY_PHASE_STRIP = NO;
				DEBUG_INFORMATION_FORMAT = "dwarf-with-dsym";
				DEVELOPMENT_TEAM = Q6K727HY3Y;
				ENABLE_NS_ASSERTIONS = NO;
				ENABLE_STRICT_OBJC_MSGSEND = YES;
				ENABLE_USER_SCRIPT_SANDBOXING = YES;
				GCC_C_LANGUAGE_STANDARD = gnu17;
				GCC_NO_COMMON_BLOCKS = YES;
				GCC_WARN_64_TO_32_BIT_CONVERSION = YES;
				GCC_WARN_ABOUT_RETURN_TYPE = YES_ERROR;
				GCC_WARN_UNDECLARED_SELECTOR = YES;
				GCC_WARN_UNINITIALIZED_AUTOS = YES_AGGRESSIVE;
				GCC_WARN_UNUSED_FUNCTION = YES;
				GCC_WARN_UNUSED_VARIABLE = YES;
				IPHONEOS_DEPLOYMENT_TARGET = 18.5;
				LOCALIZATION_PREFERS_STRING_CATALOGS = YES;
				MTL_ENABLE_DEBUG_INFO = NO;
				MTL_FAST_MATH = YES;
				SDKROOT = iphoneos;
				SWIFT_COMPILATION_MODE = wholemodule;
				VALIDATE_PRODUCT = YES;
			};
			name = Release;
		};
		0067E38A2EEC5CEA00E77453 /* Debug */ = {
			isa = XCBuildConfiguration;
			buildSettings = {
				BUNDLE_LOADER = "$(TEST_HOST)";
				CODE_SIGN_STYLE = Automatic;
				CURRENT_PROJECT_VERSION = 1;
				DEVELOPMENT_TEAM = Q6K727HY3Y;
				GENERATE_INFOPLIST_FILE = YES;
				IPHONEOS_DEPLOYMENT_TARGET = 18.5;
				MARKETING_VERSION = 1.0;
				PRODUCT_BUNDLE_IDENTIFIER = com.farukdereci.NewsAppUIKitTests;
				PRODUCT_NAME = "$(TARGET_NAME)";
				SWIFT_EMIT_LOC_STRINGS = NO;
				SWIFT_VERSION = 5.0;
				TARGETED_DEVICE_FAMILY = "1,2";
				TEST_HOST = "$(BUILT_PRODUCTS_DIR)/NewsAppUIKit.app/$(BUNDLE_EXECUTABLE_FOLDER_PATH)/NewsAppUIKit";
			};
			name = Debug;
		};
		0067E38B2EEC5CEA00E77453 /* Release */ = {
			isa = XCBuildConfiguration;
			buildSettings = {
				BUNDLE_LOADER = "$(TEST_HOST)";
				CODE_SIGN_STYLE = Automatic;
				CURRENT_PROJECT_VERSION = 1;
				DEVELOPMENT_TEAM = Q6K727HY3Y;
				GENERATE_INFOPLIST_FILE = YES;
				IPHONEOS_DEPLOYMENT_TARGET = 18.5;
				MARKETING_VERSION = 1.0;
				PRODUCT_BUNDLE_IDENTIFIER = com.farukdereci.NewsAppUIKitTests;
				PRODUCT_NAME = "$(TARGET_NAME)";
				SWIFT_EMIT_LOC_STRINGS = NO;
				SWIFT_VERSION = 5.0;
				TARGETED_DEVICE_FAMILY = "1,2";
				TEST_HOST = "$(BUILT_PRODUCTS_DIR)/NewsAppUIKit.app/$(BUNDLE_EXECUTABLE_FOLDER_PATH)/NewsAppUIKit";
			};
			name = Release;
		};
		0067E38D2EEC5CEA00E77453 /* Debug */ = {
			isa = XCBuildConfiguration;
			buildSettings = {
				CODE_SIGN_STYLE = Automatic;
				CURRENT_PROJECT_VERSION = 1;
				DEVELOPMENT_TEAM = Q6K727HY3Y;
				GENERATE_INFOPLIST_FILE = YES;
				MARKETING_VERSION = 1.0;
				PRODUCT_BUNDLE_IDENTIFIER = com.farukdereci.NewsAppUIKitUITests;
				PRODUCT_NAME = "$(TARGET_NAME)";
				SWIFT_EMIT_LOC_STRINGS = NO;
				SWIFT_VERSION = 5.0;
				TARGETED_DEVICE_FAMILY = "1,2";
				TEST_TARGET_NAME = NewsAppUIKit;
			};
			name = Debug;
		};
		0067E38E2EEC5CEA00E77453 /* Release */ = {
			isa = XCBuildConfiguration;
			buildSettings = {
				CODE_SIGN_STYLE = Automatic;
				CURRENT_PROJECT_VERSION = 1;
				DEVELOPMENT_TEAM = Q6K727HY3Y;
				GENERATE_INFOPLIST_FILE = YES;
				MARKETING_VERSION = 1.0;
				PRODUCT_BUNDLE_IDENTIFIER = com.farukdereci.NewsAppUIKitUITests;
				PRODUCT_NAME = "$(TARGET_NAME)";
				SWIFT_EMIT_LOC_STRINGS = NO;
				SWIFT_VERSION = 5.0;
				TARGETED_DEVICE_FAMILY = "1,2";
				TEST_TARGET_NAME = NewsAppUIKit;
			};
			name = Release;
		};
/* End XCBuildConfiguration section */

/* Begin XCConfigurationList section */
		0067E3562EEC5CE700E77453 /* Build configuration list for PBXProject "NewsAppUIKit" */ = {
			isa = XCConfigurationList;
			buildConfigurations = (
				0067E3872EEC5CEA00E77453 /* Debug */,
				0067E3882EEC5CEA00E77453 /* Release */,
			);
			defaultConfigurationIsVisible = 0;
			defaultConfigurationName = Release;
		};
		0067E3842EEC5CEA00E77453 /* Build configuration list for PBXNativeTarget "NewsAppUIKit" */ = {
			isa = XCConfigurationList;
			buildConfigurations = (
				0067E3852EEC5CEA00E77453 /* Debug */,
				0067E3862EEC5CEA00E77453 /* Release */,
			);
			defaultConfigurationIsVisible = 0;
			defaultConfigurationName = Release;
		};
		0067E3892EEC5CEA00E77453 /* Build configuration list for PBXNativeTarget "NewsAppUIKitTests" */ = {
			isa = XCConfigurationList;
			buildConfigurations = (
				0067E38A2EEC5CEA00E77453 /* Debug */,
				0067E38B2EEC5CEA00E77453 /* Release */,
			);
			defaultConfigurationIsVisible = 0;
			defaultConfigurationName = Release;
		};
		0067E38C2EEC5CEA00E77453 /* Build configuration list for PBXNativeTarget "NewsAppUIKitUITests" */ = {
			isa = XCConfigurationList;
			buildConfigurations = (
				0067E38D2EEC5CEA00E77453 /* Debug */,
				0067E38E2EEC5CEA00E77453 /* Release */,
			);
			defaultConfigurationIsVisible = 0;
			defaultConfigurationName = Release;
		};
/* End XCConfigurationList section */

/* Begin XCRemoteSwiftPackageReference section */
		008703EA2EF1938300ED1DC5 /* XCRemoteSwiftPackageReference "Kingfisher" */ = {
			isa = XCRemoteSwiftPackageReference;
			repositoryURL = "https://github.com/onevcat/Kingfisher.git";
			requirement = {
				kind = upToNextMajorVersion;
				minimumVersion = 8.6.2;
			};
		};
/* End XCRemoteSwiftPackageReference section */

/* Begin XCSwiftPackageProductDependency section */
		008703EB2EF1938300ED1DC5 /* Kingfisher */ = {
			isa = XCSwiftPackageProductDependency;
			package = 008703EA2EF1938300ED1DC5 /* XCRemoteSwiftPackageReference "Kingfisher" */;
			productName = Kingfisher;
		};
/* End XCSwiftPackageProductDependency section */
	};
	rootObject = 0067E3532EEC5CE700E77453 /* Project object */;
}
